# Generated by pub
# See https://dart.dev/tools/pub/glossary#lockfile
packages:
  clock:
    dependency: transitive
    description:
      name: clock
      sha256: "6021e0172ab6e6eaa1d391afed0a99353921f00c54385c574dc53e55d67c092c"
      url: "https://pub.dev"
    source: hosted
    version: "1.1.0"
  intl:
    dependency: "direct main"
    description:
      name: intl
      sha256: a3715e3bc90294e971cb7dc063fbf3cd9ee0ebf8604ffeafabd9e6f16abbdbe6
      url: "https://pub.dev"
    source: hosted
    version: "0.18.0"
  meta:
    dependency: transitive
    description:
      name: meta
      sha256: "89a2bb4653ee4659924e62e256dc1f6a347613fb4c329e3904d16543beae86f9"
      url: "https://pub.dev"
    source: hosted
    version: "1.2.4"
  path:
    dependency: transitive
    description:
      name: path
      sha256: "2ad4cddff7f5cc0e2d13069f2a3f7a73ca18f66abd6f5ecf215219cdb3638edb"
      url: "https://pub.dev"
    source: hosted
    version: "1.8.0"
  pedantic:
    dependency: "direct dev"
    description:
      name: pedantic
      sha256: e1d7612702b705bba0ca871035b8cc9f2f23164fe81240b76b4eeef350e4f500
      url: "https://pub.dev"
    source: hosted
    version: "1.9.2"
sdks:
  dart: ">=2.12.0 <3.0.0"
